// !$*UTF8*$!
{
	archiveVersion = 1;
	classes = {
	};
	objectVersion = 51;
	objects = {

/* Begin PBXBuildFile section */
		3126D7B292B61F7FCA379A81 /* Pods_CPPT.framework in Frameworks */ = {isa = PBXBuildFile; fileRef = 6AAE5FDEBDBA008CE0A469C2 /* Pods_CPPT.framework */; };
		FC2E2FBF2404D67A00563380 /* HomeVC.swift in Sources */ = {isa = PBXBuildFile; fileRef = FC2E2FBE2404D67A00563380 /* HomeVC.swift */; };
		FC2E2FC32404F4DF00563380 /* PatientCell.swift in Sources */ = {isa = PBXBuildFile; fileRef = FC2E2FC22404F4DF00563380 /* PatientCell.swift */; };
		FC2E2FC52404FAB900563380 /* PatientDetailVC.swift in Sources */ = {isa = PBXBuildFile; fileRef = FC2E2FC42404FAB900563380 /* PatientDetailVC.swift */; };
		FC2E2FC7240505EA00563380 /* HistoryCell.swift in Sources */ = {isa = PBXBuildFile; fileRef = FC2E2FC6240505EA00563380 /* HistoryCell.swift */; };
		FC2E2FC9240507D800563380 /* HistoryVC.swift in Sources */ = {isa = PBXBuildFile; fileRef = FC2E2FC8240507D800563380 /* HistoryVC.swift */; };
		FC2E2FCB240510A000563380 /* InputVC.swift in Sources */ = {isa = PBXBuildFile; fileRef = FC2E2FCA240510A000563380 /* InputVC.swift */; };
		FC2E2FCD2405149C00563380 /* CustomUITextView.swift in Sources */ = {isa = PBXBuildFile; fileRef = FC2E2FCC2405149C00563380 /* CustomUITextView.swift */; };
		FC2E2FD024051FD200563380 /* KeyboardSize.swift in Sources */ = {isa = PBXBuildFile; fileRef = FC2E2FCF24051FD200563380 /* KeyboardSize.swift */; };
		FC2E2FD224052AB500563380 /* QRCodeScanner.swift in Sources */ = {isa = PBXBuildFile; fileRef = FC2E2FD124052AB500563380 /* QRCodeScanner.swift */; };
		FC2E2FD424052B3100563380 /* QRCodeVC.swift in Sources */ = {isa = PBXBuildFile; fileRef = FC2E2FD324052B3000563380 /* QRCodeVC.swift */; };
		FC75392C2404BA93008A2B79 /* AppDelegate.swift in Sources */ = {isa = PBXBuildFile; fileRef = FC75392B2404BA93008A2B79 /* AppDelegate.swift */; };
		FC75392E2404BA93008A2B79 /* SceneDelegate.swift in Sources */ = {isa = PBXBuildFile; fileRef = FC75392D2404BA93008A2B79 /* SceneDelegate.swift */; };
		FC7539302404BA93008A2B79 /* OnboardingVC.swift in Sources */ = {isa = PBXBuildFile; fileRef = FC75392F2404BA93008A2B79 /* OnboardingVC.swift */; };
		FC7539332404BA93008A2B79 /* Main.storyboard in Resources */ = {isa = PBXBuildFile; fileRef = FC7539312404BA93008A2B79 /* Main.storyboard */; };
		FC7539352404BA95008A2B79 /* Assets.xcassets in Resources */ = {isa = PBXBuildFile; fileRef = FC7539342404BA95008A2B79 /* Assets.xcassets */; };
		FC7539382404BA95008A2B79 /* LaunchScreen.storyboard in Resources */ = {isa = PBXBuildFile; fileRef = FC7539362404BA95008A2B79 /* LaunchScreen.storyboard */; };
		FCD00E152404D0DF001B47D8 /* CustomUIButton.swift in Sources */ = {isa = PBXBuildFile; fileRef = FCD00E142404D0DF001B47D8 /* CustomUIButton.swift */; };
		FCD00E172404D3D9001B47D8 /* LoginVC.swift in Sources */ = {isa = PBXBuildFile; fileRef = FCD00E162404D3D9001B47D8 /* LoginVC.swift */; };
/* End PBXBuildFile section */

/* Begin PBXFileReference section */
		638AF3BFD29806DE3C78DF4C /* Pods-CPPT.release.xcconfig */ = {isa = PBXFileReference; includeInIndex = 1; lastKnownFileType = text.xcconfig; name = "Pods-CPPT.release.xcconfig"; path = "Target Support Files/Pods-CPPT/Pods-CPPT.release.xcconfig"; sourceTree = "<group>"; };
		6AAE5FDEBDBA008CE0A469C2 /* Pods_CPPT.framework */ = {isa = PBXFileReference; explicitFileType = wrapper.framework; includeInIndex = 0; path = Pods_CPPT.framework; sourceTree = BUILT_PRODUCTS_DIR; };
		C54732E8FB83261CD129EC36 /* Pods-CPPT.debug.xcconfig */ = {isa = PBXFileReference; includeInIndex = 1; lastKnownFileType = text.xcconfig; name = "Pods-CPPT.debug.xcconfig"; path = "Target Support Files/Pods-CPPT/Pods-CPPT.debug.xcconfig"; sourceTree = "<group>"; };
		FC2E2FBE2404D67A00563380 /* HomeVC.swift */ = {isa = PBXFileReference; lastKnownFileType = sourcecode.swift; path = HomeVC.swift; sourceTree = "<group>"; };
		FC2E2FC22404F4DF00563380 /* PatientCell.swift */ = {isa = PBXFileReference; lastKnownFileType = sourcecode.swift; path = PatientCell.swift; sourceTree = "<group>"; };
		FC2E2FC42404FAB900563380 /* PatientDetailVC.swift */ = {isa = PBXFileReference; lastKnownFileType = sourcecode.swift; path = PatientDetailVC.swift; sourceTree = "<group>"; };
		FC2E2FC6240505EA00563380 /* HistoryCell.swift */ = {isa = PBXFileReference; lastKnownFileType = sourcecode.swift; path = HistoryCell.swift; sourceTree = "<group>"; };
		FC2E2FC8240507D800563380 /* HistoryVC.swift */ = {isa = PBXFileReference; lastKnownFileType = sourcecode.swift; path = HistoryVC.swift; sourceTree = "<group>"; };
		FC2E2FCA240510A000563380 /* InputVC.swift */ = {isa = PBXFileReference; lastKnownFileType = sourcecode.swift; path = InputVC.swift; sourceTree = "<group>"; };
		FC2E2FCC2405149C00563380 /* CustomUITextView.swift */ = {isa = PBXFileReference; lastKnownFileType = sourcecode.swift; path = CustomUITextView.swift; sourceTree = "<group>"; };
		FC2E2FCF24051FD200563380 /* KeyboardSize.swift */ = {isa = PBXFileReference; lastKnownFileType = sourcecode.swift; path = KeyboardSize.swift; sourceTree = "<group>"; };
		FC2E2FD124052AB500563380 /* QRCodeScanner.swift */ = {isa = PBXFileReference; lastKnownFileType = sourcecode.swift; path = QRCodeScanner.swift; sourceTree = "<group>"; };
		FC2E2FD324052B3000563380 /* QRCodeVC.swift */ = {isa = PBXFileReference; lastKnownFileType = sourcecode.swift; path = QRCodeVC.swift; sourceTree = "<group>"; };
		FC7539282404BA93008A2B79 /* CPPT.app */ = {isa = PBXFileReference; explicitFileType = wrapper.application; includeInIndex = 0; path = CPPT.app; sourceTree = BUILT_PRODUCTS_DIR; };
		FC75392B2404BA93008A2B79 /* AppDelegate.swift */ = {isa = PBXFileReference; lastKnownFileType = sourcecode.swift; path = AppDelegate.swift; sourceTree = "<group>"; };
		FC75392D2404BA93008A2B79 /* SceneDelegate.swift */ = {isa = PBXFileReference; lastKnownFileType = sourcecode.swift; path = SceneDelegate.swift; sourceTree = "<group>"; };
		FC75392F2404BA93008A2B79 /* OnboardingVC.swift */ = {isa = PBXFileReference; lastKnownFileType = sourcecode.swift; path = OnboardingVC.swift; sourceTree = "<group>"; };
		FC7539322404BA93008A2B79 /* Base */ = {isa = PBXFileReference; lastKnownFileType = file.storyboard; name = Base; path = Base.lproj/Main.storyboard; sourceTree = "<group>"; };
		FC7539342404BA95008A2B79 /* Assets.xcassets */ = {isa = PBXFileReference; lastKnownFileType = folder.assetcatalog; path = Assets.xcassets; sourceTree = "<group>"; };
		FC7539372404BA95008A2B79 /* Base */ = {isa = PBXFileReference; lastKnownFileType = file.storyboard; name = Base; path = Base.lproj/LaunchScreen.storyboard; sourceTree = "<group>"; };
		FC7539392404BA95008A2B79 /* Info.plist */ = {isa = PBXFileReference; lastKnownFileType = text.plist.xml; path = Info.plist; sourceTree = "<group>"; };
		FCD00E142404D0DF001B47D8 /* CustomUIButton.swift */ = {isa = PBXFileReference; lastKnownFileType = sourcecode.swift; path = CustomUIButton.swift; sourceTree = "<group>"; };
		FCD00E162404D3D9001B47D8 /* LoginVC.swift */ = {isa = PBXFileReference; lastKnownFileType = sourcecode.swift; path = LoginVC.swift; sourceTree = "<group>"; };
/* End PBXFileReference section */

/* Begin PBXFrameworksBuildPhase section */
		FC7539252404BA93008A2B79 /* Frameworks */ = {
			isa = PBXFrameworksBuildPhase;
			buildActionMask = 2147483647;
			files = (
				3126D7B292B61F7FCA379A81 /* Pods_CPPT.framework in Frameworks */,
			);
			runOnlyForDeploymentPostprocessing = 0;
		};
/* End PBXFrameworksBuildPhase section */

/* Begin PBXGroup section */
		FC2E2FCE24051F4800563380 /* Utilities */ = {
			isa = PBXGroup;
			children = (
				FC2E2FCF24051FD200563380 /* KeyboardSize.swift */,
				FC2E2FD124052AB500563380 /* QRCodeScanner.swift */,
			);
			path = Utilities;
			sourceTree = "<group>";
		};
		FC75391F2404BA93008A2B79 = {
			isa = PBXGroup;
			children = (
				FC75392A2404BA93008A2B79 /* CPPT */,
				FC7539292404BA93008A2B79 /* Products */,
				FD2D1CD8F55D79B8500D5B16 /* Pods */,
				FE8107B016EA778312787FBB /* Frameworks */,
			);
			sourceTree = "<group>";
		};
		FC7539292404BA93008A2B79 /* Products */ = {
			isa = PBXGroup;
			children = (
				FC7539282404BA93008A2B79 /* CPPT.app */,
			);
			name = Products;
			sourceTree = "<group>";
		};
		FC75392A2404BA93008A2B79 /* CPPT */ = {
			isa = PBXGroup;
			children = (
				FC2E2FCE24051F4800563380 /* Utilities */,
				FCD00E132404CF95001B47D8 /* CustomViews */,
				FCD00E112404CE37001B47D8 /* Model */,
				FCD00E102404CE31001B47D8 /* View */,
				FCD00E0F2404CE24001B47D8 /* Controller */,
				FC75392B2404BA93008A2B79 /* AppDelegate.swift */,
				FC75392D2404BA93008A2B79 /* SceneDelegate.swift */,
				FC7539342404BA95008A2B79 /* Assets.xcassets */,
				FC7539392404BA95008A2B79 /* Info.plist */,
			);
			path = CPPT;
			sourceTree = "<group>";
		};
		FCD00E0F2404CE24001B47D8 /* Controller */ = {
			isa = PBXGroup;
			children = (
				FC75392F2404BA93008A2B79 /* OnboardingVC.swift */,
				FCD00E162404D3D9001B47D8 /* LoginVC.swift */,
				FC2E2FBE2404D67A00563380 /* HomeVC.swift */,
				FC2E2FC42404FAB900563380 /* PatientDetailVC.swift */,
				FC2E2FC8240507D800563380 /* HistoryVC.swift */,
				FC2E2FCA240510A000563380 /* InputVC.swift */,
				FC2E2FD324052B3000563380 /* QRCodeVC.swift */,
			);
			path = Controller;
			sourceTree = "<group>";
		};
		FCD00E102404CE31001B47D8 /* View */ = {
			isa = PBXGroup;
			children = (
				FC7539362404BA95008A2B79 /* LaunchScreen.storyboard */,
				FC7539312404BA93008A2B79 /* Main.storyboard */,
				FC2E2FC22404F4DF00563380 /* PatientCell.swift */,
				FC2E2FC6240505EA00563380 /* HistoryCell.swift */,
			);
			path = View;
			sourceTree = "<group>";
		};
		FCD00E112404CE37001B47D8 /* Model */ = {
			isa = PBXGroup;
			children = (
			);
			path = Model;
			sourceTree = "<group>";
		};
		FCD00E132404CF95001B47D8 /* CustomViews */ = {
			isa = PBXGroup;
			children = (
				FCD00E142404D0DF001B47D8 /* CustomUIButton.swift */,
				FC2E2FCC2405149C00563380 /* CustomUITextView.swift */,
			);
			path = CustomViews;
			sourceTree = "<group>";
		};
		FD2D1CD8F55D79B8500D5B16 /* Pods */ = {
			isa = PBXGroup;
			children = (
				C54732E8FB83261CD129EC36 /* Pods-CPPT.debug.xcconfig */,
				638AF3BFD29806DE3C78DF4C /* Pods-CPPT.release.xcconfig */,
			);
			path = Pods;
			sourceTree = "<group>";
		};
		FE8107B016EA778312787FBB /* Frameworks */ = {
			isa = PBXGroup;
			children = (
				6AAE5FDEBDBA008CE0A469C2 /* Pods_CPPT.framework */,
			);
			name = Frameworks;
			sourceTree = "<group>";
		};
/* End PBXGroup section */

/* Begin PBXNativeTarget section */
		FC7539272404BA93008A2B79 /* CPPT */ = {
			isa = PBXNativeTarget;
			buildConfigurationList = FC75393C2404BA95008A2B79 /* Build configuration list for PBXNativeTarget "CPPT" */;
			buildPhases = (
				FB65B26C57D7D263412957DE /* [CP] Check Pods Manifest.lock */,
				FC7539242404BA93008A2B79 /* Sources */,
				FC7539252404BA93008A2B79 /* Frameworks */,
				FC7539262404BA93008A2B79 /* Resources */,
				D139AAB92EF5E1DA582BBE20 /* [CP] Embed Pods Frameworks */,
			);
			buildRules = (
			);
			dependencies = (
			);
			name = CPPT;
			productName = CPPT;
			productReference = FC7539282404BA93008A2B79 /* CPPT.app */;
			productType = "com.apple.product-type.application";
		};
/* End PBXNativeTarget section */

/* Begin PBXProject section */
		FC7539202404BA93008A2B79 /* Project object */ = {
			isa = PBXProject;
			attributes = {
				LastSwiftUpdateCheck = 1130;
				LastUpgradeCheck = 1130;
				ORGANIZATIONNAME = omrobbie;
				TargetAttributes = {
					FC7539272404BA93008A2B79 = {
						CreatedOnToolsVersion = 11.3.1;
					};
				};
			};
			buildConfigurationList = FC7539232404BA93008A2B79 /* Build configuration list for PBXProject "CPPT" */;
			compatibilityVersion = "Xcode 9.3";
			developmentRegion = en;
			hasScannedForEncodings = 0;
			knownRegions = (
				en,
				Base,
			);
			mainGroup = FC75391F2404BA93008A2B79;
			productRefGroup = FC7539292404BA93008A2B79 /* Products */;
			projectDirPath = "";
			projectRoot = "";
			targets = (
				FC7539272404BA93008A2B79 /* CPPT */,
			);
		};
/* End PBXProject section */

/* Begin PBXResourcesBuildPhase section */
		FC7539262404BA93008A2B79 /* Resources */ = {
			isa = PBXResourcesBuildPhase;
			buildActionMask = 2147483647;
			files = (
				FC7539382404BA95008A2B79 /* LaunchScreen.storyboard in Resources */,
				FC7539352404BA95008A2B79 /* Assets.xcassets in Resources */,
				FC7539332404BA93008A2B79 /* Main.storyboard in Resources */,
			);
			runOnlyForDeploymentPostprocessing = 0;
		};
/* End PBXResourcesBuildPhase section */

/* Begin PBXShellScriptBuildPhase section */
		D139AAB92EF5E1DA582BBE20 /* [CP] Embed Pods Frameworks */ = {
			isa = PBXShellScriptBuildPhase;
			buildActionMask = 2147483647;
			files = (
			);
			inputFileListPaths = (
				"${PODS_ROOT}/Target Support Files/Pods-CPPT/Pods-CPPT-frameworks-${CONFIGURATION}-input-files.xcfilelist",
			);
			name = "[CP] Embed Pods Frameworks";
			outputFileListPaths = (
				"${PODS_ROOT}/Target Support Files/Pods-CPPT/Pods-CPPT-frameworks-${CONFIGURATION}-output-files.xcfilelist",
			);
			runOnlyForDeploymentPostprocessing = 0;
			shellPath = /bin/sh;
			shellScript = "\"${PODS_ROOT}/Target Support Files/Pods-CPPT/Pods-CPPT-frameworks.sh\"\n";
			showEnvVarsInLog = 0;
		};
		FB65B26C57D7D263412957DE /* [CP] Check Pods Manifest.lock */ = {
			isa = PBXShellScriptBuildPhase;
			buildActionMask = 2147483647;
			files = (
			);
			inputFileListPaths = (
			);
			inputPaths = (
				"${PODS_PODFILE_DIR_PATH}/Podfile.lock",
				"${PODS_ROOT}/Manifest.lock",
			);
			name = "[CP] Check Pods Manifest.lock";
			outputFileListPaths = (
			);
			outputPaths = (
				"$(DERIVED_FILE_DIR)/Pods-CPPT-checkManifestLockResult.txt",
			);
			runOnlyForDeploymentPostprocessing = 0;
			shellPath = /bin/sh;
			shellScript = "diff \"${PODS_PODFILE_DIR_PATH}/Podfile.lock\" \"${PODS_ROOT}/Manifest.lock\" > /dev/null\nif [ $? != 0 ] ; then\n    # print error to STDERR\n    echo \"error: The sandbox is not in sync with the Podfile.lock. Run 'pod install' or update your CocoaPods installation.\" >&2\n    exit 1\nfi\n# This output is used by Xcode 'outputs' to avoid re-running this script phase.\necho \"SUCCESS\" > \"${SCRIPT_OUTPUT_FILE_0}\"\n";
			showEnvVarsInLog = 0;
		};
/* End PBXShellScriptBuildPhase section */

/* Begin PBXSourcesBuildPhase section */
		FC7539242404BA93008A2B79 /* Sources */ = {
			isa = PBXSourcesBuildPhase;
			buildActionMask = 2147483647;
			files = (
				FC2E2FC32404F4DF00563380 /* PatientCell.swift in Sources */,
				FC2E2FC9240507D800563380 /* HistoryVC.swift in Sources */,
				FC2E2FD424052B3100563380 /* QRCodeVC.swift in Sources */,
				FC2E2FC52404FAB900563380 /* PatientDetailVC.swift in Sources */,
				FCD00E152404D0DF001B47D8 /* CustomUIButton.swift in Sources */,
				FC2E2FD224052AB500563380 /* QRCodeScanner.swift in Sources */,
				FC2E2FC7240505EA00563380 /* HistoryCell.swift in Sources */,
				FC7539302404BA93008A2B79 /* OnboardingVC.swift in Sources */,
				FC2E2FCB240510A000563380 /* InputVC.swift in Sources */,
				FC75392C2404BA93008A2B79 /* AppDelegate.swift in Sources */,
				FC2E2FBF2404D67A00563380 /* HomeVC.swift in Sources */,
				FC75392E2404BA93008A2B79 /* SceneDelegate.swift in Sources */,
				FC2E2FD024051FD200563380 /* KeyboardSize.swift in Sources */,
				FC2E2FCD2405149C00563380 /* CustomUITextView.swift in Sources */,
				FCD00E172404D3D9001B47D8 /* LoginVC.swift in Sources */,
			);
			runOnlyForDeploymentPostprocessing = 0;
		};
/* End PBXSourcesBuildPhase section */

/* Begin PBXVariantGroup section */
		FC7539312404BA93008A2B79 /* Main.storyboard */ = {
			isa = PBXVariantGroup;
			children = (
				FC7539322404BA93008A2B79 /* Base */,
			);
			name = Main.storyboard;
			sourceTree = "<group>";
		};
		FC7539362404BA95008A2B79 /* LaunchScreen.storyboard */ = {
			isa = PBXVariantGroup;
			children = (
				FC7539372404BA95008A2B79 /* Base */,
			);
			name = LaunchScreen.storyboard;
			sourceTree = "<group>";
		};
/* End PBXVariantGroup section */

/* Begin XCBuildConfiguration section */
		FC75393A2404BA95008A2B79 /* Debug */ = {
			isa = XCBuildConfiguration;
			buildSettings = {
				ALWAYS_SEARCH_USER_PATHS = NO;
				CLANG_ANALYZER_NONNULL = YES;
				CLANG_ANALYZER_NUMBER_OBJECT_CONVERSION = YES_AGGRESSIVE;
				CLANG_CXX_LANGUAGE_STANDARD = "gnu++14";
				CLANG_CXX_LIBRARY = "libc++";
				CLANG_ENABLE_MODULES = YES;
				CLANG_ENABLE_OBJC_ARC = YES;
				CLANG_ENABLE_OBJC_WEAK = YES;
				CLANG_WARN_BLOCK_CAPTURE_AUTORELEASING = YES;
				CLANG_WARN_BOOL_CONVERSION = YES;
				CLANG_WARN_COMMA = YES;
				CLANG_WARN_CONSTANT_CONVERSION = YES;
				CLANG_WARN_DEPRECATED_OBJC_IMPLEMENTATIONS = YES;
				CLANG_WARN_DIRECT_OBJC_ISA_USAGE = YES_ERROR;
				CLANG_WARN_DOCUMENTATION_COMMENTS = YES;
				CLANG_WARN_EMPTY_BODY = YES;
				CLANG_WARN_ENUM_CONVERSION = YES;
				CLANG_WARN_INFINITE_RECURSION = YES;
				CLANG_WARN_INT_CONVERSION = YES;
				CLANG_WARN_NON_LITERAL_NULL_CONVERSION = YES;
				CLANG_WARN_OBJC_IMPLICIT_RETAIN_SELF = YES;
				CLANG_WARN_OBJC_LITERAL_CONVERSION = YES;
				CLANG_WARN_OBJC_ROOT_CLASS = YES_ERROR;
				CLANG_WARN_RANGE_LOOP_ANALYSIS = YES;
				CLANG_WARN_STRICT_PROTOTYPES = YES;
				CLANG_WARN_SUSPICIOUS_MOVE = YES;
				CLANG_WARN_UNGUARDED_AVAILABILITY = YES_AGGRESSIVE;
				CLANG_WARN_UNREACHABLE_CODE = YES;
				CLANG_WARN__DUPLICATE_METHOD_MATCH = YES;
				COPY_PHASE_STRIP = NO;
				DEBUG_INFORMATION_FORMAT = dwarf;
				ENABLE_STRICT_OBJC_MSGSEND = YES;
				ENABLE_TESTABILITY = YES;
				GCC_C_LANGUAGE_STANDARD = gnu11;
				GCC_DYNAMIC_NO_PIC = NO;
				GCC_NO_COMMON_BLOCKS = YES;
				GCC_OPTIMIZATION_LEVEL = 0;
				GCC_PREPROCESSOR_DEFINITIONS = (
					"DEBUG=1",
					"$(inherited)",
				);
				GCC_WARN_64_TO_32_BIT_CONVERSION = YES;
				GCC_WARN_ABOUT_RETURN_TYPE = YES_ERROR;
				GCC_WARN_UNDECLARED_SELECTOR = YES;
				GCC_WARN_UNINITIALIZED_AUTOS = YES_AGGRESSIVE;
				GCC_WARN_UNUSED_FUNCTION = YES;
				GCC_WARN_UNUSED_VARIABLE = YES;
				IPHONEOS_DEPLOYMENT_TARGET = 13.2;
				MTL_ENABLE_DEBUG_INFO = INCLUDE_SOURCE;
				MTL_FAST_MATH = YES;
				ONLY_ACTIVE_ARCH = YES;
				SDKROOT = iphoneos;
				SWIFT_ACTIVE_COMPILATION_CONDITIONS = DEBUG;
				SWIFT_OPTIMIZATION_LEVEL = "-Onone";
			};
			name = Debug;
		};
		FC75393B2404BA95008A2B79 /* Release */ = {
			isa = XCBuildConfiguration;
			buildSettings = {
				ALWAYS_SEARCH_USER_PATHS = NO;
				CLANG_ANALYZER_NONNULL = YES;
				CLANG_ANALYZER_NUMBER_OBJECT_CONVERSION = YES_AGGRESSIVE;
				CLANG_CXX_LANGUAGE_STANDARD = "gnu++14";
				CLANG_CXX_LIBRARY = "libc++";
				CLANG_ENABLE_MODULES = YES;
				CLANG_ENABLE_OBJC_ARC = YES;
				CLANG_ENABLE_OBJC_WEAK = YES;
				CLANG_WARN_BLOCK_CAPTURE_AUTORELEASING = YES;
				CLANG_WARN_BOOL_CONVERSION = YES;
				CLANG_WARN_COMMA = YES;
				CLANG_WARN_CONSTANT_CONVERSION = YES;
				CLANG_WARN_DEPRECATED_OBJC_IMPLEMENTATIONS = YES;
				CLANG_WARN_DIRECT_OBJC_ISA_USAGE = YES_ERROR;
				CLANG_WARN_DOCUMENTATION_COMMENTS = YES;
				CLANG_WARN_EMPTY_BODY = YES;
				CLANG_WARN_ENUM_CONVERSION = YES;
				CLANG_WARN_INFINITE_RECURSION = YES;
				CLANG_WARN_INT_CONVERSION = YES;
				CLANG_WARN_NON_LITERAL_NULL_CONVERSION = YES;
				CLANG_WARN_OBJC_IMPLICIT_RETAIN_SELF = YES;
				CLANG_WARN_OBJC_LITERAL_CONVERSION = YES;
				CLANG_WARN_OBJC_ROOT_CLASS = YES_ERROR;
				CLANG_WARN_RANGE_LOOP_ANALYSIS = YES;
				CLANG_WARN_STRICT_PROTOTYPES = YES;
				CLANG_WARN_SUSPICIOUS_MOVE = YES;
				CLANG_WARN_UNGUARDED_AVAILABILITY = YES_AGGRESSIVE;
				CLANG_WARN_UNREACHABLE_CODE = YES;
				CLANG_WARN__DUPLICATE_METHOD_MATCH = YES;
				COPY_PHASE_STRIP = NO;
				DEBUG_INFORMATION_FORMAT = "dwarf-with-dsym";
				ENABLE_NS_ASSERTIONS = NO;
				ENABLE_STRICT_OBJC_MSGSEND = YES;
				GCC_C_LANGUAGE_STANDARD = gnu11;
				GCC_NO_COMMON_BLOCKS = YES;
				GCC_WARN_64_TO_32_BIT_CONVERSION = YES;
				GCC_WARN_ABOUT_RETURN_TYPE = YES_ERROR;
				GCC_WARN_UNDECLARED_SELECTOR = YES;
				GCC_WARN_UNINITIALIZED_AUTOS = YES_AGGRESSIVE;
				GCC_WARN_UNUSED_FUNCTION = YES;
				GCC_WARN_UNUSED_VARIABLE = YES;
				IPHONEOS_DEPLOYMENT_TARGET = 13.2;
				MTL_ENABLE_DEBUG_INFO = NO;
				MTL_FAST_MATH = YES;
				SDKROOT = iphoneos;
				SWIFT_COMPILATION_MODE = wholemodule;
				SWIFT_OPTIMIZATION_LEVEL = "-O";
				VALIDATE_PRODUCT = YES;
			};
			name = Release;
		};
		FC75393D2404BA95008A2B79 /* Debug */ = {
			isa = XCBuildConfiguration;
			baseConfigurationReference = C54732E8FB83261CD129EC36 /* Pods-CPPT.debug.xcconfig */;
			buildSettings = {
				ASSETCATALOG_COMPILER_APPICON_NAME = AppIcon;
				CODE_SIGN_STYLE = Automatic;
				DEVELOPMENT_TEAM = 3SMXMP42NY;
				INFOPLIST_FILE = CPPT/Info.plist;
				LD_RUNPATH_SEARCH_PATHS = (
					"$(inherited)",
					"@executable_path/Frameworks",
				);
				PRODUCT_BUNDLE_IDENTIFIER = com.omrobbie.CPPT;
				PRODUCT_NAME = "$(TARGET_NAME)";
				SWIFT_VERSION = 5.0;
				TARGETED_DEVICE_FAMILY = "1,2";
			};
			name = Debug;
		};
		FC75393E2404BA95008A2B79 /* Release */ = {
			isa = XCBuildConfiguration;
			baseConfigurationReference = 638AF3BFD29806DE3C78DF4C /* Pods-CPPT.release.xcconfig */;
			buildSettings = {
				ASSETCATALOG_COMPILER_APPICON_NAME = AppIcon;
				CODE_SIGN_STYLE = Automatic;
				DEVELOPMENT_TEAM = 3SMXMP42NY;
				INFOPLIST_FILE = CPPT/Info.plist;
				LD_RUNPATH_SEARCH_PATHS = (
					"$(inherited)",
					"@executable_path/Frameworks",
				);
				PRODUCT_BUNDLE_IDENTIFIER = com.omrobbie.CPPT;
				PRODUCT_NAME = "$(TARGET_NAME)";
				SWIFT_VERSION = 5.0;
				TARGETED_DEVICE_FAMILY = "1,2";
			};
			name = Release;
		};
/* End XCBuildConfiguration section */

/* Begin XCConfigurationList section */
		FC7539232404BA93008A2B79 /* Build configuration list for PBXProject "CPPT" */ = {
			isa = XCConfigurationList;
			buildConfigurations = (
				FC75393A2404BA95008A2B79 /* Debug */,
				FC75393B2404BA95008A2B79 /* Release */,
			);
			defaultConfigurationIsVisible = 0;
			defaultConfigurationName = Release;
		};
		FC75393C2404BA95008A2B79 /* Build configuration list for PBXNativeTarget "CPPT" */ = {
			isa = XCConfigurationList;
			buildConfigurations = (
				FC75393D2404BA95008A2B79 /* Debug */,
				FC75393E2404BA95008A2B79 /* Release */,
			);
			defaultConfigurationIsVisible = 0;
			defaultConfigurationName = Release;
		};
/* End XCConfigurationList section */
	};
	rootObject = FC7539202404BA93008A2B79 /* Project object */;
}
